// !$*UTF8*$!
{
	archiveVersion = 1;
	classes = {
	};
	objectVersion = 56;
	objects = {

/* Begin PBXBuildFile section */
		B001 /* JLPTN3ResourcesApp.swift in Sources */ = {isa = PBXBuildFile; fileRef = A001 /* JLPTN3ResourcesApp.swift */; };
		B002 /* ContentView.swift in Sources */ = {isa = PBXBuildFile; fileRef = A002 /* ContentView.swift */; };
		B003 /* Resource.swift in Sources */ = {isa = PBXBuildFile; fileRef = A003 /* Resource.swift */; };
		B004 /* ResourceListView.swift in Sources */ = {isa = PBXBuildFile; fileRef = A004 /* ResourceListView.swift */; };
		B005 /* ResourceCardView.swift in Sources */ = {isa = PBXBuildFile; fileRef = A005 /* ResourceCardView.swift */; };
		B006 /* ResourceDetailView.swift in Sources */ = {isa = PBXBuildFile; fileRef = A006 /* ResourceDetailView.swift */; };
		B007 /* StudyPlanView.swift in Sources */ = {isa = PBXBuildFile; fileRef = A007 /* StudyPlanView.swift */; };
		B008 /* Assets.xcassets in Resources */ = {isa = PBXBuildFile; fileRef = A008 /* Assets.xcassets */; };
		B009 /* LearningCard.swift in Sources */ = {isa = PBXBuildFile; fileRef = A009 /* LearningCard.swift */; };
		B010 /* N3ContentData.swift in Sources */ = {isa = PBXBuildFile; fileRef = A010 /* N3ContentData.swift */; };
		B011 /* LearningStore.swift in Sources */ = {isa = PBXBuildFile; fileRef = A011 /* LearningStore.swift */; };
		B012 /* LearningHomeView.swift in Sources */ = {isa = PBXBuildFile; fileRef = A012 /* LearningHomeView.swift */; };
		B013 /* StudySessionView.swift in Sources */ = {isa = PBXBuildFile; fileRef = A013 /* StudySessionView.swift */; };
		B014 /* KanjiWritingView.swift in Sources */ = {isa = PBXBuildFile; fileRef = A014 /* KanjiWritingView.swift */; };
		B015 /* MilestoneView.swift in Sources */ = {isa = PBXBuildFile; fileRef = A015 /* MilestoneView.swift */; };
		B016 /* Theme.swift in Sources */ = {isa = PBXBuildFile; fileRef = A016 /* Theme.swift */; };
		B017 /* MockExamData.swift in Sources */ = {isa = PBXBuildFile; fileRef = A017 /* MockExamData.swift */; };
		B018 /* MockExamView.swift in Sources */ = {isa = PBXBuildFile; fileRef = A018 /* MockExamView.swift */; };
/* End PBXBuildFile section */

/* Begin PBXFileReference section */
		A001 /* JLPTN3ResourcesApp.swift */ = {isa = PBXFileReference; lastKnownFileType = sourcecode.swift; path = JLPTN3ResourcesApp.swift; sourceTree = "<group>"; };
		A002 /* ContentView.swift */ = {isa = PBXFileReference; lastKnownFileType = sourcecode.swift; path = ContentView.swift; sourceTree = "<group>"; };
		A003 /* Resource.swift */ = {isa = PBXFileReference; lastKnownFileType = sourcecode.swift; path = Resource.swift; sourceTree = "<group>"; };
		A004 /* ResourceListView.swift */ = {isa = PBXFileReference; lastKnownFileType = sourcecode.swift; path = ResourceListView.swift; sourceTree = "<group>"; };
		A005 /* ResourceCardView.swift */ = {isa = PBXFileReference; lastKnownFileType = sourcecode.swift; path = ResourceCardView.swift; sourceTree = "<group>"; };
		A006 /* ResourceDetailView.swift */ = {isa = PBXFileReference; lastKnownFileType = sourcecode.swift; path = ResourceDetailView.swift; sourceTree = "<group>"; };
		A007 /* StudyPlanView.swift */ = {isa = PBXFileReference; lastKnownFileType = sourcecode.swift; path = StudyPlanView.swift; sourceTree = "<group>"; };
		A008 /* Assets.xcassets */ = {isa = PBXFileReference; lastKnownFileType = folder.assetcatalog; path = Assets.xcassets; sourceTree = "<group>"; };
		A009 /* LearningCard.swift */ = {isa = PBXFileReference; lastKnownFileType = sourcecode.swift; path = LearningCard.swift; sourceTree = "<group>"; };
		A010 /* N3ContentData.swift */ = {isa = PBXFileReference; lastKnownFileType = sourcecode.swift; path = N3ContentData.swift; sourceTree = "<group>"; };
		A011 /* LearningStore.swift */ = {isa = PBXFileReference; lastKnownFileType = sourcecode.swift; path = LearningStore.swift; sourceTree = "<group>"; };
		A012 /* LearningHomeView.swift */ = {isa = PBXFileReference; lastKnownFileType = sourcecode.swift; path = LearningHomeView.swift; sourceTree = "<group>"; };
		A013 /* StudySessionView.swift */ = {isa = PBXFileReference; lastKnownFileType = sourcecode.swift; path = StudySessionView.swift; sourceTree = "<group>"; };
		A016 /* Theme.swift */ = {isa = PBXFileReference; lastKnownFileType = sourcecode.swift; path = Theme.swift; sourceTree = "<group>"; };
		A017 /* MockExamData.swift */ = {isa = PBXFileReference; lastKnownFileType = sourcecode.swift; path = MockExamData.swift; sourceTree = "<group>"; };
		A018 /* MockExamView.swift */ = {isa = PBXFileReference; lastKnownFileType = sourcecode.swift; path = MockExamView.swift; sourceTree = "<group>"; };
		A014 /* KanjiWritingView.swift */ = {isa = PBXFileReference; lastKnownFileType = sourcecode.swift; path = KanjiWritingView.swift; sourceTree = "<group>"; };
		A015 /* MilestoneView.swift */ = {isa = PBXFileReference; lastKnownFileType = sourcecode.swift; path = MilestoneView.swift; sourceTree = "<group>"; };
		PROD /* JLPTN3Resources.app */ = {isa = PBXFileReference; explicitFileType = wrapper.application; includeInIndex = 0; path = JLPTN3Resources.app; sourceTree = BUILT_PRODUCTS_DIR; };
/* End PBXFileReference section */

/* Begin PBXGroup section */
		MAINGROUP = {
			isa = PBXGroup;
			children = (
				SRCGROUP /* JLPTN3Resources */,
				PRODGROUP /* Products */,
			);
			sourceTree = "<group>";
		};
		PRODGROUP /* Products */ = {
			isa = PBXGroup;
			children = (
				PROD /* JLPTN3Resources.app */,
			);
			name = Products;
			sourceTree = "<group>";
		};
		SRCGROUP /* JLPTN3Resources */ = {
			isa = PBXGroup;
			children = (
				A001 /* JLPTN3ResourcesApp.swift */,
				A002 /* ContentView.swift */,
				A016 /* Theme.swift */,
				A017 /* MockExamData.swift */,
				A018 /* MockExamView.swift */,
				A003 /* Resource.swift */,
				A004 /* ResourceListView.swift */,
				A005 /* ResourceCardView.swift */,
				A006 /* ResourceDetailView.swift */,
				A007 /* StudyPlanView.swift */,
				A009 /* LearningCard.swift */,
				A010 /* N3ContentData.swift */,
				A011 /* LearningStore.swift */,
				A012 /* LearningHomeView.swift */,
				A013 /* StudySessionView.swift */,
				A014 /* KanjiWritingView.swift */,
				A015 /* MilestoneView.swift */,
				A008 /* Assets.xcassets */,
			);
			path = JLPTN3Resources;
			sourceTree = "<group>";
		};
/* End PBXGroup section */

/* Begin PBXNativeTarget section */
		TARGET /* JLPTN3Resources */ = {
			isa = PBXNativeTarget;
			buildConfigurationList = TARGETCONFIGLIST /* Build configuration list for PBXNativeTarget "JLPTN3Resources" */;
			buildPhases = (
				SOURCEPHASE /* Sources */,
				RESOURCEPHASE /* Resources */,
			);
			buildRules = (
			);
			dependencies = (
			);
			name = JLPTN3Resources;
			productName = JLPTN3Resources;
			productReference = PROD /* JLPTN3Resources.app */;
			productType = "com.apple.product-type.application";
		};
/* End PBXNativeTarget section */

/* Begin PBXProject section */
		PROJECT /* Project object */ = {
			isa = PBXProject;
			attributes = {
				BuildIndependentTargetsInParallel = 1;
				LastSwiftUpdateCheck = 1500;
				LastUpgradeCheck = 1500;
				TargetAttributes = {
					TARGET = {
						CreatedOnToolsVersion = 15.0;
					};
				};
			};
			buildConfigurationList = PROJCONFIGLIST /* Build configuration list for PBXProject "JLPTN3Resources" */;
			compatibilityVersion = "Xcode 14.0";
			developmentRegion = en;
			hasScannedForEncodings = 0;
			knownRegions = (
				en,
				Base,
			);
			mainGroup = MAINGROUP;
			productRefGroup = PRODGROUP /* Products */;
			projectDirPath = "";
			projectRoot = "";
			targets = (
				TARGET /* JLPTN3Resources */,
			);
		};
/* End PBXProject section */

/* Begin PBXResourcesBuildPhase section */
		RESOURCEPHASE /* Resources */ = {
			isa = PBXResourcesBuildPhase;
			buildActionMask = 2147483647;
			files = (
				B008 /* Assets.xcassets in Resources */,
			);
			runOnlyForDeploymentPostprocessing = 0;
		};
/* End PBXResourcesBuildPhase section */

/* Begin PBXSourcesBuildPhase section */
		SOURCEPHASE /* Sources */ = {
			isa = PBXSourcesBuildPhase;
			buildActionMask = 2147483647;
			files = (
				B001 /* JLPTN3ResourcesApp.swift in Sources */,
				B002 /* ContentView.swift in Sources */,
				B016 /* Theme.swift in Sources */,
				B017 /* MockExamData.swift in Sources */,
				B018 /* MockExamView.swift in Sources */,
				B003 /* Resource.swift in Sources */,
				B004 /* ResourceListView.swift in Sources */,
				B005 /* ResourceCardView.swift in Sources */,
				B006 /* ResourceDetailView.swift in Sources */,
				B007 /* StudyPlanView.swift in Sources */,
				B009 /* LearningCard.swift in Sources */,
				B010 /* N3ContentData.swift in Sources */,
				B011 /* LearningStore.swift in Sources */,
				B012 /* LearningHomeView.swift in Sources */,
				B013 /* StudySessionView.swift in Sources */,
				B014 /* KanjiWritingView.swift in Sources */,
				B015 /* MilestoneView.swift in Sources */,
			);
			runOnlyForDeploymentPostprocessing = 0;
		};
/* End PBXSourcesBuildPhase section */

/* Begin XCBuildConfiguration section */
		PROJDEBUG /* Debug */ = {
			isa = XCBuildConfiguration;
			buildSettings = {
				ALWAYS_SEARCH_USER_PATHS = NO;
				CLANG_ANALYZER_NONNULL = YES;
				CLANG_ANALYZER_NUMBER_OBJECT_CONVERSION = YES_AGGRESSIVE;
				CLANG_CXX_LANGUAGE_STANDARD = "gnu++20";
				CLANG_ENABLE_MODULES = YES;
				CLANG_ENABLE_OBJC_ARC = YES;
				CLANG_ENABLE_OBJC_WEAK = YES;
				CLANG_WARN_BLOCK_CAPTURE_AUTORELEASING = YES;
				CLANG_WARN_BOOL_CONVERSION = YES;
				CLANG_WARN_COMMA = YES;
				CLANG_WARN_CONSTANT_CONVERSION = YES;
				CLANG_WARN_DEPRECATED_OBJC_IMPLEMENTATIONS = YES;
				CLANG_WARN_DIRECT_OBJC_ISA_USAGE = YES_ERROR;
				CLANG_WARN_DOCUMENTATION_COMMENTS = YES;
				CLANG_WARN_EMPTY_BODY = YES;
				CLANG_WARN_ENUM_CONVERSION = YES;
				CLANG_WARN_INFINITE_RECURSION = YES;
				CLANG_WARN_INT_CONVERSION = YES;
				CLANG_WARN_NON_LITERAL_NULL_CONVERSION = YES;
				CLANG_WARN_OBJC_IMPLICIT_RETAIN_SELF = YES;
				CLANG_WARN_OBJC_LITERAL_CONVERSION = YES;
				CLANG_WARN_OBJC_ROOT_CLASS = YES_ERROR;
				CLANG_WARN_QUOTED_INCLUDE_IN_FRAMEWORK_HEADER = YES;
				CLANG_WARN_RANGE_LOOP_ANALYSIS = YES;
				CLANG_WARN_STRICT_PROTOTYPES = YES;
				CLANG_WARN_SUSPICIOUS_MOVE = YES;
				CLANG_WARN_UNGUARDED_AVAILABILITY = YES_AGGRESSIVE;
				CLANG_WARN_UNREACHABLE_CODE = YES;
				CLANG_WARN__DUPLICATE_METHOD_MATCH = YES;
				COPY_PHASE_STRIP = NO;
				DEBUG_INFORMATION_FORMAT = dwarf;
				ENABLE_STRICT_OBJC_MSGSEND = YES;
				ENABLE_TESTABILITY = YES;
				ENABLE_USER_SCRIPT_SANDBOXING = YES;
				GCC_C_LANGUAGE_STANDARD = gnu17;
				GCC_DYNAMIC_NO_PIC = NO;
				GCC_NO_COMMON_BLOCKS = YES;
				GCC_OPTIMIZATION_LEVEL = 0;
				GCC_PREPROCESSOR_DEFINITIONS = (
					"DEBUG=1",
					"$(inherited)",
				);
				GCC_WARN_64_TO_32_BIT_CONVERSION = YES;
				GCC_WARN_ABOUT_RETURN_TYPE = YES_ERROR;
				GCC_WARN_UNDECLARED_SELECTOR = YES;
				GCC_WARN_UNINITIALIZED_AUTOS = YES_AGGRESSIVE;
				GCC_WARN_UNUSED_FUNCTION = YES;
				GCC_WARN_UNUSED_VARIABLE = YES;
				IPHONEOS_DEPLOYMENT_TARGET = 17.0;
				MTL_ENABLE_DEBUG_INFO = INCLUDE_SOURCE;
				MTL_FAST_MATH = YES;
				ONLY_ACTIVE_ARCH = YES;
				SDKROOT = iphoneos;
				SWIFT_ACTIVE_COMPILATION_CONDITIONS = DEBUG;
				SWIFT_OPTIMIZATION_LEVEL = "-Onone";
			};
			name = Debug;
		};
		PROJRELEASE /* Release */ = {
			isa = XCBuildConfiguration;
			buildSettings = {
				ALWAYS_SEARCH_USER_PATHS = NO;
				CLANG_ANALYZER_NONNULL = YES;
				CLANG_ANALYZER_NUMBER_OBJECT_CONVERSION = YES_AGGRESSIVE;
				CLANG_CXX_LANGUAGE_STANDARD = "gnu++20";
				CLANG_ENABLE_MODULES = YES;
				CLANG_ENABLE_OBJC_ARC = YES;
				CLANG_ENABLE_OBJC_WEAK = YES;
				CLANG_WARN_BLOCK_CAPTURE_AUTORELEASING = YES;
				CLANG_WARN_BOOL_CONVERSION = YES;
				CLANG_WARN_COMMA = YES;
				CLANG_WARN_CONSTANT_CONVERSION = YES;
				CLANG_WARN_DEPRECATED_OBJC_IMPLEMENTATIONS = YES;
				CLANG_WARN_DIRECT_OBJC_ISA_USAGE = YES_ERROR;
				CLANG_WARN_DOCUMENTATION_COMMENTS = YES;
				CLANG_WARN_EMPTY_BODY = YES;
				CLANG_WARN_ENUM_CONVERSION = YES;
				CLANG_WARN_INFINITE_RECURSION = YES;
				CLANG_WARN_INT_CONVERSION = YES;
				CLANG_WARN_NON_LITERAL_NULL_CONVERSION = YES;
				CLANG_WARN_OBJC_IMPLICIT_RETAIN_SELF = YES;
				CLANG_WARN_OBJC_LITERAL_CONVERSION = YES;
				CLANG_WARN_OBJC_ROOT_CLASS = YES_ERROR;
				CLANG_WARN_QUOTED_INCLUDE_IN_FRAMEWORK_HEADER = YES;
				CLANG_WARN_RANGE_LOOP_ANALYSIS = YES;
				CLANG_WARN_STRICT_PROTOTYPES = YES;
				CLANG_WARN_SUSPICIOUS_MOVE = YES;
				CLANG_WARN_UNGUARDED_AVAILABILITY = YES_AGGRESSIVE;
				CLANG_WARN_UNREACHABLE_CODE = YES;
				CLANG_WARN__DUPLICATE_METHOD_MATCH = YES;
				COPY_PHASE_STRIP = NO;
				DEBUG_INFORMATION_FORMAT = "dwarf-with-dsym";
				ENABLE_NS_ASSERTIONS = NO;
				ENABLE_STRICT_OBJC_MSGSEND = YES;
				ENABLE_USER_SCRIPT_SANDBOXING = YES;
				GCC_C_LANGUAGE_STANDARD = gnu17;
				GCC_NO_COMMON_BLOCKS = YES;
				GCC_WARN_64_TO_32_BIT_CONVERSION = YES;
				GCC_WARN_ABOUT_RETURN_TYPE = YES_ERROR;
				GCC_WARN_UNDECLARED_SELECTOR = YES;
				GCC_WARN_UNINITIALIZED_AUTOS = YES_AGGRESSIVE;
				GCC_WARN_UNUSED_FUNCTION = YES;
				GCC_WARN_UNUSED_VARIABLE = YES;
				IPHONEOS_DEPLOYMENT_TARGET = 17.0;
				MTL_FAST_MATH = YES;
				SDKROOT = iphoneos;
				SWIFT_COMPILATION_MODE = wholemodule;
				SWIFT_OPTIMIZATION_LEVEL = "-O";
				VALIDATE_PRODUCT = YES;
			};
			name = Release;
		};
		TARGETDEBUG /* Debug */ = {
			isa = XCBuildConfiguration;
			buildSettings = {
				ASSETCATALOG_COMPILER_APPICON_NAME = AppIcon;
				ASSETCATALOG_COMPILER_GLOBAL_ACCENT_COLOR_NAME = AccentColor;
				CODE_SIGN_STYLE = Automatic;
				CURRENT_PROJECT_VERSION = 1;
				DEVELOPMENT_ASSET_PATHS = "";
				DEVELOPMENT_TEAM = QGAQ3AY3R3;
				ENABLE_PREVIEWS = YES;
				GENERATE_INFOPLIST_FILE = YES;
				INFOPLIST_KEY_UIApplicationSceneManifest_Generation = YES;
				INFOPLIST_KEY_UIApplicationSupportsIndirectInputEvents = YES;
				INFOPLIST_KEY_UILaunchScreen_Generation = YES;
				INFOPLIST_KEY_UISupportedInterfaceOrientations_iPad = "UIInterfaceOrientationPortrait UIInterfaceOrientationPortraitUpsideDown UIInterfaceOrientationLandscapeLeft UIInterfaceOrientationLandscapeRight";
				INFOPLIST_KEY_UISupportedInterfaceOrientations_iPhone = "UIInterfaceOrientationPortrait UIInterfaceOrientationLandscapeLeft UIInterfaceOrientationLandscapeRight";
				LD_RUNPATH_SEARCH_PATHS = (
					"$(inherited)",
					"@executable_path/Frameworks",
				);
				MARKETING_VERSION = 1.0;
				PRODUCT_BUNDLE_IDENTIFIER = com.gaebaljari.JLPTN3Resources;
				PRODUCT_NAME = "$(TARGET_NAME)";
				SWIFT_EMIT_LOC_STRINGS = YES;
				SWIFT_VERSION = 5.0;
				TARGETED_DEVICE_FAMILY = "1,2";
			};
			name = Debug;
		};
		TARGETRELEASE /* Release */ = {
			isa = XCBuildConfiguration;
			buildSettings = {
				ASSETCATALOG_COMPILER_APPICON_NAME = AppIcon;
				ASSETCATALOG_COMPILER_GLOBAL_ACCENT_COLOR_NAME = AccentColor;
				CODE_SIGN_STYLE = Automatic;
				CURRENT_PROJECT_VERSION = 1;
				DEVELOPMENT_ASSET_PATHS = "";
				DEVELOPMENT_TEAM = QGAQ3AY3R3;
				ENABLE_PREVIEWS = YES;
				GENERATE_INFOPLIST_FILE = YES;
				INFOPLIST_KEY_UIApplicationSceneManifest_Generation = YES;
				INFOPLIST_KEY_UIApplicationSupportsIndirectInputEvents = YES;
				INFOPLIST_KEY_UILaunchScreen_Generation = YES;
				INFOPLIST_KEY_UISupportedInterfaceOrientations_iPad = "UIInterfaceOrientationPortrait UIInterfaceOrientationPortraitUpsideDown UIInterfaceOrientationLandscapeLeft UIInterfaceOrientationLandscapeRight";
				INFOPLIST_KEY_UISupportedInterfaceOrientations_iPhone = "UIInterfaceOrientationPortrait UIInterfaceOrientationLandscapeLeft UIInterfaceOrientationLandscapeRight";
				LD_RUNPATH_SEARCH_PATHS = (
					"$(inherited)",
					"@executable_path/Frameworks",
				);
				MARKETING_VERSION = 1.0;
				PRODUCT_BUNDLE_IDENTIFIER = com.gaebaljari.JLPTN3Resources;
				PRODUCT_NAME = "$(TARGET_NAME)";
				SWIFT_EMIT_LOC_STRINGS = YES;
				SWIFT_VERSION = 5.0;
				TARGETED_DEVICE_FAMILY = "1,2";
			};
			name = Release;
		};
/* End XCBuildConfiguration section */

/* Begin XCConfigurationList section */
		PROJCONFIGLIST /* Build configuration list for PBXProject "JLPTN3Resources" */ = {
			isa = XCConfigurationList;
			buildConfigurations = (
				PROJDEBUG /* Debug */,
				PROJRELEASE /* Release */,
			);
			defaultConfigurationIsVisible = 0;
			defaultConfigurationName = Release;
		};
		TARGETCONFIGLIST /* Build configuration list for PBXNativeTarget "JLPTN3Resources" */ = {
			isa = XCConfigurationList;
			buildConfigurations = (
				TARGETDEBUG /* Debug */,
				TARGETRELEASE /* Release */,
			);
			defaultConfigurationIsVisible = 0;
			defaultConfigurationName = Release;
		};
/* End XCConfigurationList section */
	};
	rootObject = PROJECT /* Project object */;
}
